
Microsoft Visual Studio Solution File, Format Version 12.00
# Visual Studio 15
VisualStudioVersion = 15.0.28307.1082
MinimumVisualStudioVersion = 10.0.40219.1
Project("{FAE04EC0-301F-11D3-BF4B-00C04F79EFBC}") = "YGOCollection", "YGOCollection\YGOCollection.csproj", "{6B942F4C-6806-49F6-AC18-1B6CD7FDB1C1}"
EndProject
Project("{FAE04EC0-301F-11D3-BF4B-00C04F79EFBC}") = "YGOCollection.library", "YGOCollection.library\YGOCollection.library.csproj", "{449749E0-1C7F-4BA0-AC68-FBCDE0C3AE31}"
EndProject
Global
	GlobalSection(SolutionConfigurationPlatforms) = preSolution
		Debug|Any CPU = Debug|Any CPU
		Release|Any CPU = Release|Any CPU
	EndGlobalSection
	GlobalSection(ProjectConfigurationPlatforms) = postSolution
		{6B942F4C-6806-49F6-AC18-1B6CD7FDB1C1}.Debug|Any CPU.ActiveCfg = Debug|Any CPU
		{6B942F4C-6806-49F6-AC18-1B6CD7FDB1C1}.Debug|Any CPU.Build.0 = Debug|Any CPU
		{6B942F4C-6806-49F6-AC18-1B6CD7FDB1C1}.Release|Any CPU.ActiveCfg = Release|Any CPU
		{6B942F4C-6806-49F6-AC18-1B6CD7FDB1C1}.Release|Any CPU.Build.0 = Release|Any CPU
		{449749E0-1C7F-4BA0-AC68-FBCDE0C3AE31}.Debug|Any CPU.ActiveCfg = Debug|Any CPU
		{449749E0-1C7F-4BA0-AC68-FBCDE0C3AE31}.Debug|Any CPU.Build.0 = Debug|Any CPU
		{449749E0-1C7F-4BA0-AC68-FBCDE0C3AE31}.Release|Any CPU.ActiveCfg = Release|Any CPU
		{449749E0-1C7F-4BA0-AC68-FBCDE0C3AE31}.Release|Any CPU.Build.0 = Release|Any CPU
	EndGlobalSection
	GlobalSection(SolutionProperties) = preSolution
		HideSolutionNode = FALSE
	EndGlobalSection
	GlobalSection(ExtensibilityGlobals) = postSolution
		SolutionGuid = {0CE3A662-CBC8-4005-80F7-6118570BCCD1}
	EndGlobalSection
EndGlobal
